// !$*UTF8*$!
{
	archiveVersion = 1;
	classes = {
	};
	objectVersion = 56;
	objects = {

/* Begin PBXBuildFile section */
		A733D6D02A81113000F333B4 /* Localizable.xcstrings in Resources */ = {isa = PBXBuildFile; fileRef = A733D6CF2A81113000F333B4 /* Localizable.xcstrings */; };
		A73F7A362A3B778E00B87FC6 /* Int+Extensions.swift in Sources */ = {isa = PBXBuildFile; fileRef = A73F7A352A3B778E00B87FC6 /* Int+Extensions.swift */; };
		AE0C30F72A804A2D008F1EAE /* WalletTransactionListView.swift in Sources */ = {isa = PBXBuildFile; fileRef = AE0C30F62A804A2D008F1EAE /* WalletTransactionListView.swift */; };
		AE0C30F92A804B65008F1EAE /* OnboardingViewModel.swift in Sources */ = {isa = PBXBuildFile; fileRef = AE0C30F82A804B65008F1EAE /* OnboardingViewModel.swift */; };
		AE0C30FB2A804B95008F1EAE /* WalletViewModel.swift in Sources */ = {isa = PBXBuildFile; fileRef = AE0C30FA2A804B95008F1EAE /* WalletViewModel.swift */; };
		AE0C30FD2A804BC1008F1EAE /* ReceiveViewModel.swift in Sources */ = {isa = PBXBuildFile; fileRef = AE0C30FC2A804BC1008F1EAE /* ReceiveViewModel.swift */; };
		AE0C30FF2A804BDE008F1EAE /* SendViewModel.swift in Sources */ = {isa = PBXBuildFile; fileRef = AE0C30FE2A804BDE008F1EAE /* SendViewModel.swift */; };
		AE1390C72A7DB0AF0098127A /* KeyService.swift in Sources */ = {isa = PBXBuildFile; fileRef = AE1390C62A7DB0AF0098127A /* KeyService.swift */; };
		AE18E9382A9528200019D2A4 /* Bundle+Extensions.swift in Sources */ = {isa = PBXBuildFile; fileRef = AE18E9372A9528200019D2A4 /* Bundle+Extensions.swift */; };
		AE18E93A2A9532CB0019D2A4 /* BDKSwiftExampleWalletBundle+Extensions.swift in Sources */ = {isa = PBXBuildFile; fileRef = AE18E9392A9532CB0019D2A4 /* BDKSwiftExampleWalletBundle+Extensions.swift */; };
		AE1C34242A424456008F807A /* ReceiveView.swift in Sources */ = {isa = PBXBuildFile; fileRef = AE1C34232A424456008F807A /* ReceiveView.swift */; };
		AE1C34262A4248A5008F807A /* SendView.swift in Sources */ = {isa = PBXBuildFile; fileRef = AE1C34252A4248A5008F807A /* SendView.swift */; };
		AE2B8C1D2A9678C900815B2F /* FeeService.swift in Sources */ = {isa = PBXBuildFile; fileRef = AE2B8C1C2A9678C900815B2F /* FeeService.swift */; };
		AE2B8C1F2A96797300815B2F /* FeesResponse.swift in Sources */ = {isa = PBXBuildFile; fileRef = AE2B8C1E2A96797300815B2F /* FeesResponse.swift */; };
		AE3902A42A3B4CD900BEC318 /* TabHomeView.swift in Sources */ = {isa = PBXBuildFile; fileRef = AE3902A32A3B4CD900BEC318 /* TabHomeView.swift */; };
		AE49847C2A1BBBD6009951E2 /* BDKSwiftExampleWalletApp.swift in Sources */ = {isa = PBXBuildFile; fileRef = AE49847B2A1BBBD6009951E2 /* BDKSwiftExampleWalletApp.swift */; };
		AE4984802A1BBBD7009951E2 /* Assets.xcassets in Resources */ = {isa = PBXBuildFile; fileRef = AE49847F2A1BBBD7009951E2 /* Assets.xcassets */; };
		AE4984832A1BBBD7009951E2 /* Preview Assets.xcassets in Resources */ = {isa = PBXBuildFile; fileRef = AE4984822A1BBBD7009951E2 /* Preview Assets.xcassets */; };
		AE49848D2A1BBBD8009951E2 /* BDKSwiftExampleWalletTests.swift in Sources */ = {isa = PBXBuildFile; fileRef = AE49848C2A1BBBD8009951E2 /* BDKSwiftExampleWalletTests.swift */; };
		AE4984A62A1BBCB8009951E2 /* README.md in Resources */ = {isa = PBXBuildFile; fileRef = AE4984A52A1BBCB8009951E2 /* README.md */; };
		AE4984A92A1BD425009951E2 /* BitcoinDevKit in Frameworks */ = {isa = PBXBuildFile; productRef = AE4984A82A1BD425009951E2 /* BitcoinDevKit */; };
		AE4984AC2A1BD651009951E2 /* WalletUI in Frameworks */ = {isa = PBXBuildFile; productRef = AE4984AB2A1BD651009951E2 /* WalletUI */; };
		AE79538E2A2D59F000CCB277 /* Constants.swift in Sources */ = {isa = PBXBuildFile; fileRef = AE79538D2A2D59F000CCB277 /* Constants.swift */; };
		AE7953902A2D5B4400CCB277 /* BDKSwiftExampleWalletError.swift in Sources */ = {isa = PBXBuildFile; fileRef = AE79538F2A2D5B4400CCB277 /* BDKSwiftExampleWalletError.swift */; };
		AE7D5A0E2A7EE62200EAC8CE /* KeychainAccess in Frameworks */ = {isa = PBXBuildFile; productRef = AE7D5A0D2A7EE62200EAC8CE /* KeychainAccess */; };
		AE7E68962A59A37300368D82 /* BDKSwiftExampleWalletInt+Extensions.swift in Sources */ = {isa = PBXBuildFile; fileRef = AE7E68952A59A37300368D82 /* BDKSwiftExampleWalletInt+Extensions.swift */; };
		AE7F67052A7446B600CED561 /* PriceService.swift in Sources */ = {isa = PBXBuildFile; fileRef = AE7F67042A7446B600CED561 /* PriceService.swift */; };
		AE7F67072A744CE200CED561 /* Double+Extensions.swift in Sources */ = {isa = PBXBuildFile; fileRef = AE7F67062A744CE200CED561 /* Double+Extensions.swift */; };
		AE7F67092A7451AA00CED561 /* PriceResponse.swift in Sources */ = {isa = PBXBuildFile; fileRef = AE7F67082A7451AA00CED561 /* PriceResponse.swift */; };
		AE7F670C2A7451D700CED561 /* CurrencyCode.swift in Sources */ = {isa = PBXBuildFile; fileRef = AE7F670B2A7451D700CED561 /* CurrencyCode.swift */; };
		AE96F6622A424C400055623C /* BDKSwiftExampleWalletReceiveViewModelTests.swift in Sources */ = {isa = PBXBuildFile; fileRef = AE96F6612A424C400055623C /* BDKSwiftExampleWalletReceiveViewModelTests.swift */; };
		AE96F6672A4259260055623C /* QRCodeView.swift in Sources */ = {isa = PBXBuildFile; fileRef = AE96F6662A4259260055623C /* QRCodeView.swift */; };
		AEB130C92A44E4850087785B /* TransactionDetailsView.swift in Sources */ = {isa = PBXBuildFile; fileRef = AEB130C82A44E4850087785B /* TransactionDetailsView.swift */; };
		AEB905C32A7EEBF000CD0337 /* BackupInfo.swift in Sources */ = {isa = PBXBuildFile; fileRef = AEB905C22A7EEBF000CD0337 /* BackupInfo.swift */; };
		AED4CC0A2A1D297600CE1831 /* BDKService.swift in Sources */ = {isa = PBXBuildFile; fileRef = AED4CC092A1D297600CE1831 /* BDKService.swift */; };
		AED4CC0C2A1D3A9400CE1831 /* OnboardingView.swift in Sources */ = {isa = PBXBuildFile; fileRef = AED4CC0B2A1D3A9400CE1831 /* OnboardingView.swift */; };
		AED4CC102A1D522100CE1831 /* WalletView.swift in Sources */ = {isa = PBXBuildFile; fileRef = AED4CC0F2A1D522100CE1831 /* WalletView.swift */; };
		AED4CC122A1D640800CE1831 /* BDKSwiftExampleWalletWalletViewModelTests.swift in Sources */ = {isa = PBXBuildFile; fileRef = AED4CC112A1D640800CE1831 /* BDKSwiftExampleWalletWalletViewModelTests.swift */; };
		AED79FC22A97D14100FD3C7D /* BDKSwiftExampleWalletDouble+Extensions.swift in Sources */ = {isa = PBXBuildFile; fileRef = AED79FC12A97D14100FD3C7D /* BDKSwiftExampleWalletDouble+Extensions.swift */; };
		AED79FC52A97D47D00FD3C7D /* BDKSwiftExampleWalletSendViewModelTests.swift in Sources */ = {isa = PBXBuildFile; fileRef = AED79FC42A97D47D00FD3C7D /* BDKSwiftExampleWalletSendViewModelTests.swift */; };
/* End PBXBuildFile section */

/* Begin PBXContainerItemProxy section */
		AE4984892A1BBBD8009951E2 /* PBXContainerItemProxy */ = {
			isa = PBXContainerItemProxy;
			containerPortal = AE4984702A1BBBD6009951E2 /* Project object */;
			proxyType = 1;
			remoteGlobalIDString = AE4984772A1BBBD6009951E2;
			remoteInfo = BDKSwiftExampleWallet;
		};
/* End PBXContainerItemProxy section */

/* Begin PBXFileReference section */
		A733D6CF2A81113000F333B4 /* Localizable.xcstrings */ = {isa = PBXFileReference; lastKnownFileType = text.json.xcstrings; path = Localizable.xcstrings; sourceTree = "<group>"; };
		A73F7A352A3B778E00B87FC6 /* Int+Extensions.swift */ = {isa = PBXFileReference; lastKnownFileType = sourcecode.swift; path = "Int+Extensions.swift"; sourceTree = "<group>"; };
		AE0C30F62A804A2D008F1EAE /* WalletTransactionListView.swift */ = {isa = PBXFileReference; lastKnownFileType = sourcecode.swift; path = WalletTransactionListView.swift; sourceTree = "<group>"; };
		AE0C30F82A804B65008F1EAE /* OnboardingViewModel.swift */ = {isa = PBXFileReference; lastKnownFileType = sourcecode.swift; path = OnboardingViewModel.swift; sourceTree = "<group>"; };
		AE0C30FA2A804B95008F1EAE /* WalletViewModel.swift */ = {isa = PBXFileReference; lastKnownFileType = sourcecode.swift; path = WalletViewModel.swift; sourceTree = "<group>"; };
		AE0C30FC2A804BC1008F1EAE /* ReceiveViewModel.swift */ = {isa = PBXFileReference; lastKnownFileType = sourcecode.swift; path = ReceiveViewModel.swift; sourceTree = "<group>"; };
		AE0C30FE2A804BDE008F1EAE /* SendViewModel.swift */ = {isa = PBXFileReference; lastKnownFileType = sourcecode.swift; path = SendViewModel.swift; sourceTree = "<group>"; };
		AE1390C62A7DB0AF0098127A /* KeyService.swift */ = {isa = PBXFileReference; lastKnownFileType = sourcecode.swift; path = KeyService.swift; sourceTree = "<group>"; };
		AE18E9372A9528200019D2A4 /* Bundle+Extensions.swift */ = {isa = PBXFileReference; lastKnownFileType = sourcecode.swift; path = "Bundle+Extensions.swift"; sourceTree = "<group>"; };
		AE18E9392A9532CB0019D2A4 /* BDKSwiftExampleWalletBundle+Extensions.swift */ = {isa = PBXFileReference; lastKnownFileType = sourcecode.swift; path = "BDKSwiftExampleWalletBundle+Extensions.swift"; sourceTree = "<group>"; };
		AE1C34232A424456008F807A /* ReceiveView.swift */ = {isa = PBXFileReference; lastKnownFileType = sourcecode.swift; path = ReceiveView.swift; sourceTree = "<group>"; };
		AE1C34252A4248A5008F807A /* SendView.swift */ = {isa = PBXFileReference; lastKnownFileType = sourcecode.swift; path = SendView.swift; sourceTree = "<group>"; };
		AE2B8C1C2A9678C900815B2F /* FeeService.swift */ = {isa = PBXFileReference; lastKnownFileType = sourcecode.swift; path = FeeService.swift; sourceTree = "<group>"; };
		AE2B8C1E2A96797300815B2F /* FeesResponse.swift */ = {isa = PBXFileReference; lastKnownFileType = sourcecode.swift; path = FeesResponse.swift; sourceTree = "<group>"; };
		AE3902A32A3B4CD900BEC318 /* TabHomeView.swift */ = {isa = PBXFileReference; lastKnownFileType = sourcecode.swift; path = TabHomeView.swift; sourceTree = "<group>"; };
		AE4984782A1BBBD6009951E2 /* BDKSwiftExampleWallet.app */ = {isa = PBXFileReference; explicitFileType = wrapper.application; includeInIndex = 0; path = BDKSwiftExampleWallet.app; sourceTree = BUILT_PRODUCTS_DIR; };
		AE49847B2A1BBBD6009951E2 /* BDKSwiftExampleWalletApp.swift */ = {isa = PBXFileReference; lastKnownFileType = sourcecode.swift; path = BDKSwiftExampleWalletApp.swift; sourceTree = "<group>"; };
		AE49847F2A1BBBD7009951E2 /* Assets.xcassets */ = {isa = PBXFileReference; lastKnownFileType = folder.assetcatalog; path = Assets.xcassets; sourceTree = "<group>"; };
		AE4984822A1BBBD7009951E2 /* Preview Assets.xcassets */ = {isa = PBXFileReference; lastKnownFileType = folder.assetcatalog; path = "Preview Assets.xcassets"; sourceTree = "<group>"; };
		AE4984882A1BBBD8009951E2 /* BDKSwiftExampleWalletTests.xctest */ = {isa = PBXFileReference; explicitFileType = wrapper.cfbundle; includeInIndex = 0; path = BDKSwiftExampleWalletTests.xctest; sourceTree = BUILT_PRODUCTS_DIR; };
		AE49848C2A1BBBD8009951E2 /* BDKSwiftExampleWalletTests.swift */ = {isa = PBXFileReference; lastKnownFileType = sourcecode.swift; path = BDKSwiftExampleWalletTests.swift; sourceTree = "<group>"; };
		AE4984A52A1BBCB8009951E2 /* README.md */ = {isa = PBXFileReference; fileEncoding = 4; lastKnownFileType = net.daringfireball.markdown; path = README.md; sourceTree = "<group>"; };
		AE79538D2A2D59F000CCB277 /* Constants.swift */ = {isa = PBXFileReference; lastKnownFileType = sourcecode.swift; path = Constants.swift; sourceTree = "<group>"; };
		AE79538F2A2D5B4400CCB277 /* BDKSwiftExampleWalletError.swift */ = {isa = PBXFileReference; lastKnownFileType = sourcecode.swift; path = BDKSwiftExampleWalletError.swift; sourceTree = "<group>"; };
		AE7E68952A59A37300368D82 /* BDKSwiftExampleWalletInt+Extensions.swift */ = {isa = PBXFileReference; lastKnownFileType = sourcecode.swift; path = "BDKSwiftExampleWalletInt+Extensions.swift"; sourceTree = "<group>"; };
		AE7F67042A7446B600CED561 /* PriceService.swift */ = {isa = PBXFileReference; lastKnownFileType = sourcecode.swift; path = PriceService.swift; sourceTree = "<group>"; };
		AE7F67062A744CE200CED561 /* Double+Extensions.swift */ = {isa = PBXFileReference; lastKnownFileType = sourcecode.swift; path = "Double+Extensions.swift"; sourceTree = "<group>"; };
		AE7F67082A7451AA00CED561 /* PriceResponse.swift */ = {isa = PBXFileReference; lastKnownFileType = sourcecode.swift; path = PriceResponse.swift; sourceTree = "<group>"; };
		AE7F670B2A7451D700CED561 /* CurrencyCode.swift */ = {isa = PBXFileReference; lastKnownFileType = sourcecode.swift; path = CurrencyCode.swift; sourceTree = "<group>"; };
		AE96F6612A424C400055623C /* BDKSwiftExampleWalletReceiveViewModelTests.swift */ = {isa = PBXFileReference; lastKnownFileType = sourcecode.swift; path = BDKSwiftExampleWalletReceiveViewModelTests.swift; sourceTree = "<group>"; };
		AE96F6662A4259260055623C /* QRCodeView.swift */ = {isa = PBXFileReference; lastKnownFileType = sourcecode.swift; path = QRCodeView.swift; sourceTree = "<group>"; };
		AEB130C82A44E4850087785B /* TransactionDetailsView.swift */ = {isa = PBXFileReference; lastKnownFileType = sourcecode.swift; path = TransactionDetailsView.swift; sourceTree = "<group>"; };
		AEB905C22A7EEBF000CD0337 /* BackupInfo.swift */ = {isa = PBXFileReference; lastKnownFileType = sourcecode.swift; path = BackupInfo.swift; sourceTree = "<group>"; };
		AED4CC092A1D297600CE1831 /* BDKService.swift */ = {isa = PBXFileReference; lastKnownFileType = sourcecode.swift; path = BDKService.swift; sourceTree = "<group>"; };
		AED4CC0B2A1D3A9400CE1831 /* OnboardingView.swift */ = {isa = PBXFileReference; lastKnownFileType = sourcecode.swift; path = OnboardingView.swift; sourceTree = "<group>"; };
		AED4CC0F2A1D522100CE1831 /* WalletView.swift */ = {isa = PBXFileReference; lastKnownFileType = sourcecode.swift; path = WalletView.swift; sourceTree = "<group>"; };
		AED4CC112A1D640800CE1831 /* BDKSwiftExampleWalletWalletViewModelTests.swift */ = {isa = PBXFileReference; lastKnownFileType = sourcecode.swift; path = BDKSwiftExampleWalletWalletViewModelTests.swift; sourceTree = "<group>"; };
		AED79FC12A97D14100FD3C7D /* BDKSwiftExampleWalletDouble+Extensions.swift */ = {isa = PBXFileReference; lastKnownFileType = sourcecode.swift; path = "BDKSwiftExampleWalletDouble+Extensions.swift"; sourceTree = "<group>"; };
		AED79FC42A97D47D00FD3C7D /* BDKSwiftExampleWalletSendViewModelTests.swift */ = {isa = PBXFileReference; lastKnownFileType = sourcecode.swift; path = BDKSwiftExampleWalletSendViewModelTests.swift; sourceTree = "<group>"; };
/* End PBXFileReference section */

/* Begin PBXFrameworksBuildPhase section */
		AE4984752A1BBBD6009951E2 /* Frameworks */ = {
			isa = PBXFrameworksBuildPhase;
			buildActionMask = 2147483647;
			files = (
				AE4984A92A1BD425009951E2 /* BitcoinDevKit in Frameworks */,
				AE4984AC2A1BD651009951E2 /* WalletUI in Frameworks */,
				AE7D5A0E2A7EE62200EAC8CE /* KeychainAccess in Frameworks */,
			);
			runOnlyForDeploymentPostprocessing = 0;
		};
		AE4984852A1BBBD8009951E2 /* Frameworks */ = {
			isa = PBXFrameworksBuildPhase;
			buildActionMask = 2147483647;
			files = (
			);
			runOnlyForDeploymentPostprocessing = 0;
		};
/* End PBXFrameworksBuildPhase section */

/* Begin PBXGroup section */
		A7FBCE392A72944C007C960E /* Resources */ = {
			isa = PBXGroup;
			children = (
				A733D6CF2A81113000F333B4 /* Localizable.xcstrings */,
			);
			path = Resources;
			sourceTree = "<group>";
		};
		AE0C31002A804C05008F1EAE /* View Model */ = {
			isa = PBXGroup;
			children = (
				AE0C30F82A804B65008F1EAE /* OnboardingViewModel.swift */,
				AE0C30FA2A804B95008F1EAE /* WalletViewModel.swift */,
				AE0C30FC2A804BC1008F1EAE /* ReceiveViewModel.swift */,
				AE0C30FE2A804BDE008F1EAE /* SendViewModel.swift */,
			);
			path = "View Model";
			sourceTree = "<group>";
		};
		AE1C341E2A42440A008F807A /* Extensions */ = {
			isa = PBXGroup;
			children = (
				AE18E9372A9528200019D2A4 /* Bundle+Extensions.swift */,
				A73F7A352A3B778E00B87FC6 /* Int+Extensions.swift */,
				AE7F67062A744CE200CED561 /* Double+Extensions.swift */,
			);
			path = Extensions;
			sourceTree = "<group>";
		};
		AE1C341F2A424415008F807A /* View */ = {
			isa = PBXGroup;
			children = (
				AED4CC0B2A1D3A9400CE1831 /* OnboardingView.swift */,
				AE3902A32A3B4CD900BEC318 /* TabHomeView.swift */,
				AED4CC0F2A1D522100CE1831 /* WalletView.swift */,
				AE0C30F62A804A2D008F1EAE /* WalletTransactionListView.swift */,
				AEB130C82A44E4850087785B /* TransactionDetailsView.swift */,
				AE1C34232A424456008F807A /* ReceiveView.swift */,
				AE96F6662A4259260055623C /* QRCodeView.swift */,
				AE1C34252A4248A5008F807A /* SendView.swift */,
			);
			path = View;
			sourceTree = "<group>";
		};
		AE1C34202A42441F008F807A /* Utilities */ = {
			isa = PBXGroup;
			children = (
				AE79538D2A2D59F000CCB277 /* Constants.swift */,
			);
			path = Utilities;
			sourceTree = "<group>";
		};
		AE1C34212A424434008F807A /* BDK Service */ = {
			isa = PBXGroup;
			children = (
				AED4CC092A1D297600CE1831 /* BDKService.swift */,
				AE79538F2A2D5B4400CCB277 /* BDKSwiftExampleWalletError.swift */,
			);
			path = "BDK Service";
			sourceTree = "<group>";
		};
		AE1C34222A424440008F807A /* App */ = {
			isa = PBXGroup;
			children = (
				AE49847B2A1BBBD6009951E2 /* BDKSwiftExampleWalletApp.swift */,
			);
			path = App;
			sourceTree = "<group>";
		};
		AE49846F2A1BBBD6009951E2 = {
			isa = PBXGroup;
			children = (
				AE4984A52A1BBCB8009951E2 /* README.md */,
				AE49847A2A1BBBD6009951E2 /* BDKSwiftExampleWallet */,
				AE49848B2A1BBBD8009951E2 /* BDKSwiftExampleWalletTests */,
				AE4984792A1BBBD6009951E2 /* Products */,
			);
			sourceTree = "<group>";
		};
		AE4984792A1BBBD6009951E2 /* Products */ = {
			isa = PBXGroup;
			children = (
				AE4984782A1BBBD6009951E2 /* BDKSwiftExampleWallet.app */,
				AE4984882A1BBBD8009951E2 /* BDKSwiftExampleWalletTests.xctest */,
			);
			name = Products;
			sourceTree = "<group>";
		};
		AE49847A2A1BBBD6009951E2 /* BDKSwiftExampleWallet */ = {
			isa = PBXGroup;
			children = (
				A7FBCE392A72944C007C960E /* Resources */,
				AE1C34222A424440008F807A /* App */,
				AE7F670A2A7451B600CED561 /* Model */,
				AE1C341F2A424415008F807A /* View */,
				AE0C31002A804C05008F1EAE /* View Model */,
				AEB905C52A7EECD900CD0337 /* Service */,
				AE1C341E2A42440A008F807A /* Extensions */,
				AE1C34202A42441F008F807A /* Utilities */,
				AE49847F2A1BBBD7009951E2 /* Assets.xcassets */,
				AE4984812A1BBBD7009951E2 /* Preview Content */,
			);
			path = BDKSwiftExampleWallet;
			sourceTree = "<group>";
		};
		AE4984812A1BBBD7009951E2 /* Preview Content */ = {
			isa = PBXGroup;
			children = (
				AE4984822A1BBBD7009951E2 /* Preview Assets.xcassets */,
			);
			path = "Preview Content";
			sourceTree = "<group>";
		};
		AE49848B2A1BBBD8009951E2 /* BDKSwiftExampleWalletTests */ = {
			isa = PBXGroup;
			children = (
				AE49848C2A1BBBD8009951E2 /* BDKSwiftExampleWalletTests.swift */,
				AED79FC32A97D29E00FD3C7D /* View Model */,
				AED79FBE2A97D0D000FD3C7D /* Extensions */,
			);
			path = BDKSwiftExampleWalletTests;
			sourceTree = "<group>";
		};
		AE7F670A2A7451B600CED561 /* Model */ = {
			isa = PBXGroup;
			children = (
				AE7F67082A7451AA00CED561 /* PriceResponse.swift */,
				AE2B8C1E2A96797300815B2F /* FeesResponse.swift */,
				AE7F670B2A7451D700CED561 /* CurrencyCode.swift */,
				AEB905C22A7EEBF000CD0337 /* BackupInfo.swift */,
			);
			path = Model;
			sourceTree = "<group>";
		};
		AEB905C12A7EEB9200CD0337 /* Key Service */ = {
			isa = PBXGroup;
			children = (
				AE1390C62A7DB0AF0098127A /* KeyService.swift */,
			);
			path = "Key Service";
			sourceTree = "<group>";
		};
		AEB905C42A7EECAF00CD0337 /* Price Service */ = {
			isa = PBXGroup;
			children = (
				AE7F67042A7446B600CED561 /* PriceService.swift */,
			);
			path = "Price Service";
			sourceTree = "<group>";
		};
		AEB905C52A7EECD900CD0337 /* Service */ = {
			isa = PBXGroup;
			children = (
				AEB905C42A7EECAF00CD0337 /* Price Service */,
				AEB905C12A7EEB9200CD0337 /* Key Service */,
				AE1C34212A424434008F807A /* BDK Service */,
				AE2B8C1C2A9678C900815B2F /* FeeService.swift */,
			);
			path = Service;
			sourceTree = "<group>";
		};
		AED79FBE2A97D0D000FD3C7D /* Extensions */ = {
			isa = PBXGroup;
			children = (
				AE18E9392A9532CB0019D2A4 /* BDKSwiftExampleWalletBundle+Extensions.swift */,
				AE7E68952A59A37300368D82 /* BDKSwiftExampleWalletInt+Extensions.swift */,
				AED79FC12A97D14100FD3C7D /* BDKSwiftExampleWalletDouble+Extensions.swift */,
			);
			path = Extensions;
			sourceTree = "<group>";
		};
		AED79FC32A97D29E00FD3C7D /* View Model */ = {
			isa = PBXGroup;
			children = (
				AED4CC112A1D640800CE1831 /* BDKSwiftExampleWalletWalletViewModelTests.swift */,
				AE96F6612A424C400055623C /* BDKSwiftExampleWalletReceiveViewModelTests.swift */,
				AED79FC42A97D47D00FD3C7D /* BDKSwiftExampleWalletSendViewModelTests.swift */,
			);
			path = "View Model";
			sourceTree = "<group>";
		};
/* End PBXGroup section */

/* Begin PBXNativeTarget section */
		AE4984772A1BBBD6009951E2 /* BDKSwiftExampleWallet */ = {
			isa = PBXNativeTarget;
			buildConfigurationList = AE49849C2A1BBBD8009951E2 /* Build configuration list for PBXNativeTarget "BDKSwiftExampleWallet" */;
			buildPhases = (
				AE4984742A1BBBD6009951E2 /* Sources */,
				AE4984752A1BBBD6009951E2 /* Frameworks */,
				AE4984762A1BBBD6009951E2 /* Resources */,
			);
			buildRules = (
			);
			dependencies = (
			);
			name = BDKSwiftExampleWallet;
			packageProductDependencies = (
				AE4984A82A1BD425009951E2 /* BitcoinDevKit */,
				AE4984AB2A1BD651009951E2 /* WalletUI */,
				AE7D5A0D2A7EE62200EAC8CE /* KeychainAccess */,
			);
			productName = BDKSwiftExampleWallet;
			productReference = AE4984782A1BBBD6009951E2 /* BDKSwiftExampleWallet.app */;
			productType = "com.apple.product-type.application";
		};
		AE4984872A1BBBD8009951E2 /* BDKSwiftExampleWalletTests */ = {
			isa = PBXNativeTarget;
			buildConfigurationList = AE49849F2A1BBBD8009951E2 /* Build configuration list for PBXNativeTarget "BDKSwiftExampleWalletTests" */;
			buildPhases = (
				AE4984842A1BBBD8009951E2 /* Sources */,
				AE4984852A1BBBD8009951E2 /* Frameworks */,
				AE4984862A1BBBD8009951E2 /* Resources */,
			);
			buildRules = (
			);
			dependencies = (
				AE49848A2A1BBBD8009951E2 /* PBXTargetDependency */,
			);
			name = BDKSwiftExampleWalletTests;
			productName = BDKSwiftExampleWalletTests;
			productReference = AE4984882A1BBBD8009951E2 /* BDKSwiftExampleWalletTests.xctest */;
			productType = "com.apple.product-type.bundle.unit-test";
		};
/* End PBXNativeTarget section */

/* Begin PBXProject section */
		AE4984702A1BBBD6009951E2 /* Project object */ = {
			isa = PBXProject;
			attributes = {
				BuildIndependentTargetsInParallel = 1;
				LastSwiftUpdateCheck = 1420;
				LastUpgradeCheck = 1500;
				TargetAttributes = {
					AE4984772A1BBBD6009951E2 = {
						CreatedOnToolsVersion = 14.2;
					};
					AE4984872A1BBBD8009951E2 = {
						CreatedOnToolsVersion = 14.2;
						TestTargetID = AE4984772A1BBBD6009951E2;
					};
				};
			};
			buildConfigurationList = AE4984732A1BBBD6009951E2 /* Build configuration list for PBXProject "BDKSwiftExampleWallet" */;
			compatibilityVersion = "Xcode 14.0";
			developmentRegion = en;
			hasScannedForEncodings = 0;
			knownRegions = (
				en,
				Base,
				fr,
			);
			mainGroup = AE49846F2A1BBBD6009951E2;
			packageReferences = (
				AE4984A72A1BD425009951E2 /* XCRemoteSwiftPackageReference "bdk-swift" */,
				AE4984AA2A1BD651009951E2 /* XCRemoteSwiftPackageReference "WalletUI" */,
				AE7D5A0C2A7EE62200EAC8CE /* XCRemoteSwiftPackageReference "KeychainAccess" */,
			);
			productRefGroup = AE4984792A1BBBD6009951E2 /* Products */;
			projectDirPath = "";
			projectRoot = "";
			targets = (
				AE4984772A1BBBD6009951E2 /* BDKSwiftExampleWallet */,
				AE4984872A1BBBD8009951E2 /* BDKSwiftExampleWalletTests */,
			);
		};
/* End PBXProject section */

/* Begin PBXResourcesBuildPhase section */
		AE4984762A1BBBD6009951E2 /* Resources */ = {
			isa = PBXResourcesBuildPhase;
			buildActionMask = 2147483647;
			files = (
				AE4984A62A1BBCB8009951E2 /* README.md in Resources */,
				A733D6D02A81113000F333B4 /* Localizable.xcstrings in Resources */,
				AE4984832A1BBBD7009951E2 /* Preview Assets.xcassets in Resources */,
				AE4984802A1BBBD7009951E2 /* Assets.xcassets in Resources */,
			);
			runOnlyForDeploymentPostprocessing = 0;
		};
		AE4984862A1BBBD8009951E2 /* Resources */ = {
			isa = PBXResourcesBuildPhase;
			buildActionMask = 2147483647;
			files = (
			);
			runOnlyForDeploymentPostprocessing = 0;
		};
/* End PBXResourcesBuildPhase section */

/* Begin PBXSourcesBuildPhase section */
		AE4984742A1BBBD6009951E2 /* Sources */ = {
			isa = PBXSourcesBuildPhase;
			buildActionMask = 2147483647;
			files = (
				AE0C30F72A804A2D008F1EAE /* WalletTransactionListView.swift in Sources */,
				AEB905C32A7EEBF000CD0337 /* BackupInfo.swift in Sources */,
				AE2B8C1D2A9678C900815B2F /* FeeService.swift in Sources */,
				AE2B8C1F2A96797300815B2F /* FeesResponse.swift in Sources */,
				AE96F6672A4259260055623C /* QRCodeView.swift in Sources */,
				AE7F670C2A7451D700CED561 /* CurrencyCode.swift in Sources */,
				AE7F67052A7446B600CED561 /* PriceService.swift in Sources */,
				AE7953902A2D5B4400CCB277 /* BDKSwiftExampleWalletError.swift in Sources */,
				AE18E9382A9528200019D2A4 /* Bundle+Extensions.swift in Sources */,
				AE79538E2A2D59F000CCB277 /* Constants.swift in Sources */,
				AE1C34242A424456008F807A /* ReceiveView.swift in Sources */,
				AEB130C92A44E4850087785B /* TransactionDetailsView.swift in Sources */,
				AE1390C72A7DB0AF0098127A /* KeyService.swift in Sources */,
				AED4CC0A2A1D297600CE1831 /* BDKService.swift in Sources */,
				AED4CC102A1D522100CE1831 /* WalletView.swift in Sources */,
				AE7F67092A7451AA00CED561 /* PriceResponse.swift in Sources */,
				AE7F67072A744CE200CED561 /* Double+Extensions.swift in Sources */,
				A73F7A362A3B778E00B87FC6 /* Int+Extensions.swift in Sources */,
				AED4CC0C2A1D3A9400CE1831 /* OnboardingView.swift in Sources */,
				AE0C30FB2A804B95008F1EAE /* WalletViewModel.swift in Sources */,
				AE1C34262A4248A5008F807A /* SendView.swift in Sources */,
				AE49847C2A1BBBD6009951E2 /* BDKSwiftExampleWalletApp.swift in Sources */,
				AE0C30FF2A804BDE008F1EAE /* SendViewModel.swift in Sources */,
				AE0C30F92A804B65008F1EAE /* OnboardingViewModel.swift in Sources */,
				AE3902A42A3B4CD900BEC318 /* TabHomeView.swift in Sources */,
				AE0C30FD2A804BC1008F1EAE /* ReceiveViewModel.swift in Sources */,
			);
			runOnlyForDeploymentPostprocessing = 0;
		};
		AE4984842A1BBBD8009951E2 /* Sources */ = {
			isa = PBXSourcesBuildPhase;
			buildActionMask = 2147483647;
			files = (
				AE49848D2A1BBBD8009951E2 /* BDKSwiftExampleWalletTests.swift in Sources */,
				AED79FC22A97D14100FD3C7D /* BDKSwiftExampleWalletDouble+Extensions.swift in Sources */,
				AE7E68962A59A37300368D82 /* BDKSwiftExampleWalletInt+Extensions.swift in Sources */,
				AE96F6622A424C400055623C /* BDKSwiftExampleWalletReceiveViewModelTests.swift in Sources */,
				AED79FC52A97D47D00FD3C7D /* BDKSwiftExampleWalletSendViewModelTests.swift in Sources */,
				AED4CC122A1D640800CE1831 /* BDKSwiftExampleWalletWalletViewModelTests.swift in Sources */,
				AE18E93A2A9532CB0019D2A4 /* BDKSwiftExampleWalletBundle+Extensions.swift in Sources */,
			);
			runOnlyForDeploymentPostprocessing = 0;
		};
/* End PBXSourcesBuildPhase section */

/* Begin PBXTargetDependency section */
		AE49848A2A1BBBD8009951E2 /* PBXTargetDependency */ = {
			isa = PBXTargetDependency;
			target = AE4984772A1BBBD6009951E2 /* BDKSwiftExampleWallet */;
			targetProxy = AE4984892A1BBBD8009951E2 /* PBXContainerItemProxy */;
		};
/* End PBXTargetDependency section */

/* Begin XCBuildConfiguration section */
		AE49849A2A1BBBD8009951E2 /* Debug */ = {
			isa = XCBuildConfiguration;
			buildSettings = {
				ALWAYS_SEARCH_USER_PATHS = NO;
				CLANG_ANALYZER_LOCALIZABILITY_NONLOCALIZED = YES;
				CLANG_ANALYZER_NONNULL = YES;
				CLANG_ANALYZER_NUMBER_OBJECT_CONVERSION = YES_AGGRESSIVE;
				CLANG_CXX_LANGUAGE_STANDARD = "gnu++20";
				CLANG_ENABLE_MODULES = YES;
				CLANG_ENABLE_OBJC_ARC = YES;
				CLANG_ENABLE_OBJC_WEAK = YES;
				CLANG_WARN_BLOCK_CAPTURE_AUTORELEASING = YES;
				CLANG_WARN_BOOL_CONVERSION = YES;
				CLANG_WARN_COMMA = YES;
				CLANG_WARN_CONSTANT_CONVERSION = YES;
				CLANG_WARN_DEPRECATED_OBJC_IMPLEMENTATIONS = YES;
				CLANG_WARN_DIRECT_OBJC_ISA_USAGE = YES_ERROR;
				CLANG_WARN_DOCUMENTATION_COMMENTS = YES;
				CLANG_WARN_EMPTY_BODY = YES;
				CLANG_WARN_ENUM_CONVERSION = YES;
				CLANG_WARN_INFINITE_RECURSION = YES;
				CLANG_WARN_INT_CONVERSION = YES;
				CLANG_WARN_NON_LITERAL_NULL_CONVERSION = YES;
				CLANG_WARN_OBJC_IMPLICIT_RETAIN_SELF = YES;
				CLANG_WARN_OBJC_LITERAL_CONVERSION = YES;
				CLANG_WARN_OBJC_ROOT_CLASS = YES_ERROR;
				CLANG_WARN_QUOTED_INCLUDE_IN_FRAMEWORK_HEADER = YES;
				CLANG_WARN_RANGE_LOOP_ANALYSIS = YES;
				CLANG_WARN_STRICT_PROTOTYPES = YES;
				CLANG_WARN_SUSPICIOUS_MOVE = YES;
				CLANG_WARN_UNGUARDED_AVAILABILITY = YES_AGGRESSIVE;
				CLANG_WARN_UNREACHABLE_CODE = YES;
				CLANG_WARN__DUPLICATE_METHOD_MATCH = YES;
				COPY_PHASE_STRIP = NO;
				DEBUG_INFORMATION_FORMAT = dwarf;
				ENABLE_STRICT_OBJC_MSGSEND = YES;
				ENABLE_TESTABILITY = YES;
				ENABLE_USER_SCRIPT_SANDBOXING = YES;
				GCC_C_LANGUAGE_STANDARD = gnu11;
				GCC_DYNAMIC_NO_PIC = NO;
				GCC_NO_COMMON_BLOCKS = YES;
				GCC_OPTIMIZATION_LEVEL = 0;
				GCC_PREPROCESSOR_DEFINITIONS = (
					"DEBUG=1",
					"$(inherited)",
				);
				GCC_WARN_64_TO_32_BIT_CONVERSION = YES;
				GCC_WARN_ABOUT_RETURN_TYPE = YES_ERROR;
				GCC_WARN_UNDECLARED_SELECTOR = YES;
				GCC_WARN_UNINITIALIZED_AUTOS = YES_AGGRESSIVE;
				GCC_WARN_UNUSED_FUNCTION = YES;
				GCC_WARN_UNUSED_VARIABLE = YES;
				IPHONEOS_DEPLOYMENT_TARGET = 17.0;
				LOCALIZATION_PREFERS_STRING_CATALOGS = YES;
				MTL_ENABLE_DEBUG_INFO = INCLUDE_SOURCE;
				MTL_FAST_MATH = YES;
				ONLY_ACTIVE_ARCH = YES;
				SDKROOT = iphoneos;
				SWIFT_ACTIVE_COMPILATION_CONDITIONS = DEBUG;
				SWIFT_EMIT_LOC_STRINGS = YES;
				SWIFT_OPTIMIZATION_LEVEL = "-Onone";
			};
			name = Debug;
		};
		AE49849B2A1BBBD8009951E2 /* Release */ = {
			isa = XCBuildConfiguration;
			buildSettings = {
				ALWAYS_SEARCH_USER_PATHS = NO;
				CLANG_ANALYZER_LOCALIZABILITY_NONLOCALIZED = YES;
				CLANG_ANALYZER_NONNULL = YES;
				CLANG_ANALYZER_NUMBER_OBJECT_CONVERSION = YES_AGGRESSIVE;
				CLANG_CXX_LANGUAGE_STANDARD = "gnu++20";
				CLANG_ENABLE_MODULES = YES;
				CLANG_ENABLE_OBJC_ARC = YES;
				CLANG_ENABLE_OBJC_WEAK = YES;
				CLANG_WARN_BLOCK_CAPTURE_AUTORELEASING = YES;
				CLANG_WARN_BOOL_CONVERSION = YES;
				CLANG_WARN_COMMA = YES;
				CLANG_WARN_CONSTANT_CONVERSION = YES;
				CLANG_WARN_DEPRECATED_OBJC_IMPLEMENTATIONS = YES;
				CLANG_WARN_DIRECT_OBJC_ISA_USAGE = YES_ERROR;
				CLANG_WARN_DOCUMENTATION_COMMENTS = YES;
				CLANG_WARN_EMPTY_BODY = YES;
				CLANG_WARN_ENUM_CONVERSION = YES;
				CLANG_WARN_INFINITE_RECURSION = YES;
				CLANG_WARN_INT_CONVERSION = YES;
				CLANG_WARN_NON_LITERAL_NULL_CONVERSION = YES;
				CLANG_WARN_OBJC_IMPLICIT_RETAIN_SELF = YES;
				CLANG_WARN_OBJC_LITERAL_CONVERSION = YES;
				CLANG_WARN_OBJC_ROOT_CLASS = YES_ERROR;
				CLANG_WARN_QUOTED_INCLUDE_IN_FRAMEWORK_HEADER = YES;
				CLANG_WARN_RANGE_LOOP_ANALYSIS = YES;
				CLANG_WARN_STRICT_PROTOTYPES = YES;
				CLANG_WARN_SUSPICIOUS_MOVE = YES;
				CLANG_WARN_UNGUARDED_AVAILABILITY = YES_AGGRESSIVE;
				CLANG_WARN_UNREACHABLE_CODE = YES;
				CLANG_WARN__DUPLICATE_METHOD_MATCH = YES;
				COPY_PHASE_STRIP = NO;
				DEBUG_INFORMATION_FORMAT = "dwarf-with-dsym";
				ENABLE_NS_ASSERTIONS = NO;
				ENABLE_STRICT_OBJC_MSGSEND = YES;
				ENABLE_USER_SCRIPT_SANDBOXING = YES;
				GCC_C_LANGUAGE_STANDARD = gnu11;
				GCC_NO_COMMON_BLOCKS = YES;
				GCC_WARN_64_TO_32_BIT_CONVERSION = YES;
				GCC_WARN_ABOUT_RETURN_TYPE = YES_ERROR;
				GCC_WARN_UNDECLARED_SELECTOR = YES;
				GCC_WARN_UNINITIALIZED_AUTOS = YES_AGGRESSIVE;
				GCC_WARN_UNUSED_FUNCTION = YES;
				GCC_WARN_UNUSED_VARIABLE = YES;
				IPHONEOS_DEPLOYMENT_TARGET = 17.0;
				LOCALIZATION_PREFERS_STRING_CATALOGS = YES;
				MTL_ENABLE_DEBUG_INFO = NO;
				MTL_FAST_MATH = YES;
				SDKROOT = iphoneos;
				SWIFT_COMPILATION_MODE = wholemodule;
				SWIFT_EMIT_LOC_STRINGS = YES;
				SWIFT_OPTIMIZATION_LEVEL = "-O";
				VALIDATE_PRODUCT = YES;
			};
			name = Release;
		};
		AE49849D2A1BBBD8009951E2 /* Debug */ = {
			isa = XCBuildConfiguration;
			buildSettings = {
				ASSETCATALOG_COMPILER_APPICON_NAME = AppIcon;
				ASSETCATALOG_COMPILER_GLOBAL_ACCENT_COLOR_NAME = AccentColor;
				CODE_SIGN_STYLE = Automatic;
				CURRENT_PROJECT_VERSION = 1;
				DEVELOPMENT_ASSET_PATHS = "\"BDKSwiftExampleWallet/Preview Content\"";
				DEVELOPMENT_TEAM = 9G6M658RKZ;
				ENABLE_PREVIEWS = YES;
				GENERATE_INFOPLIST_FILE = YES;
				INFOPLIST_KEY_UIApplicationSceneManifest_Generation = YES;
				INFOPLIST_KEY_UIApplicationSupportsIndirectInputEvents = YES;
				INFOPLIST_KEY_UILaunchScreen_Generation = YES;
				INFOPLIST_KEY_UISupportedInterfaceOrientations = UIInterfaceOrientationPortrait;
				IPHONEOS_DEPLOYMENT_TARGET = 17.0;
				LD_RUNPATH_SEARCH_PATHS = (
					"$(inherited)",
					"@executable_path/Frameworks",
				);
				MARKETING_VERSION = 1.0;
				PRODUCT_BUNDLE_IDENTIFIER = com.matthewramsden.BDKSwiftExampleWallet;
				PRODUCT_NAME = "$(TARGET_NAME)";
				SWIFT_EMIT_LOC_STRINGS = YES;
				SWIFT_VERSION = 5.0;
				TARGETED_DEVICE_FAMILY = "1,2";
			};
			name = Debug;
		};
		AE49849E2A1BBBD8009951E2 /* Release */ = {
			isa = XCBuildConfiguration;
			buildSettings = {
				ASSETCATALOG_COMPILER_APPICON_NAME = AppIcon;
				ASSETCATALOG_COMPILER_GLOBAL_ACCENT_COLOR_NAME = AccentColor;
				CODE_SIGN_STYLE = Automatic;
				CURRENT_PROJECT_VERSION = 1;
				DEVELOPMENT_ASSET_PATHS = "\"BDKSwiftExampleWallet/Preview Content\"";
				DEVELOPMENT_TEAM = 9G6M658RKZ;
				ENABLE_PREVIEWS = YES;
				GENERATE_INFOPLIST_FILE = YES;
				INFOPLIST_KEY_UIApplicationSceneManifest_Generation = YES;
				INFOPLIST_KEY_UIApplicationSupportsIndirectInputEvents = YES;
				INFOPLIST_KEY_UILaunchScreen_Generation = YES;
				INFOPLIST_KEY_UISupportedInterfaceOrientations = UIInterfaceOrientationPortrait;
				IPHONEOS_DEPLOYMENT_TARGET = 17.0;
				LD_RUNPATH_SEARCH_PATHS = (
					"$(inherited)",
					"@executable_path/Frameworks",
				);
				MARKETING_VERSION = 1.0;
				PRODUCT_BUNDLE_IDENTIFIER = com.matthewramsden.BDKSwiftExampleWallet;
				PRODUCT_NAME = "$(TARGET_NAME)";
				SWIFT_EMIT_LOC_STRINGS = YES;
				SWIFT_VERSION = 5.0;
				TARGETED_DEVICE_FAMILY = "1,2";
			};
			name = Release;
		};
		AE4984A02A1BBBD8009951E2 /* Debug */ = {
			isa = XCBuildConfiguration;
			buildSettings = {
				ALWAYS_EMBED_SWIFT_STANDARD_LIBRARIES = YES;
				BUNDLE_LOADER = "$(TEST_HOST)";
				CODE_SIGN_STYLE = Automatic;
				CURRENT_PROJECT_VERSION = 1;
				DEVELOPMENT_TEAM = 9G6M658RKZ;
				GENERATE_INFOPLIST_FILE = YES;
				IPHONEOS_DEPLOYMENT_TARGET = 17.0;
				MARKETING_VERSION = 1.0;
				PRODUCT_BUNDLE_IDENTIFIER = com.matthewramsden.BDKSwiftExampleWalletTests;
				PRODUCT_NAME = "$(TARGET_NAME)";
				SWIFT_EMIT_LOC_STRINGS = NO;
				SWIFT_VERSION = 5.0;
				TARGETED_DEVICE_FAMILY = "1,2";
				TEST_HOST = "$(BUILT_PRODUCTS_DIR)/BDKSwiftExampleWallet.app/$(BUNDLE_EXECUTABLE_FOLDER_PATH)/BDKSwiftExampleWallet";
			};
			name = Debug;
		};
		AE4984A12A1BBBD8009951E2 /* Release */ = {
			isa = XCBuildConfiguration;
			buildSettings = {
				ALWAYS_EMBED_SWIFT_STANDARD_LIBRARIES = YES;
				BUNDLE_LOADER = "$(TEST_HOST)";
				CODE_SIGN_STYLE = Automatic;
				CURRENT_PROJECT_VERSION = 1;
				DEVELOPMENT_TEAM = 9G6M658RKZ;
				GENERATE_INFOPLIST_FILE = YES;
				IPHONEOS_DEPLOYMENT_TARGET = 17.0;
				MARKETING_VERSION = 1.0;
				PRODUCT_BUNDLE_IDENTIFIER = com.matthewramsden.BDKSwiftExampleWalletTests;
				PRODUCT_NAME = "$(TARGET_NAME)";
				SWIFT_EMIT_LOC_STRINGS = NO;
				SWIFT_VERSION = 5.0;
				TARGETED_DEVICE_FAMILY = "1,2";
				TEST_HOST = "$(BUILT_PRODUCTS_DIR)/BDKSwiftExampleWallet.app/$(BUNDLE_EXECUTABLE_FOLDER_PATH)/BDKSwiftExampleWallet";
			};
			name = Release;
		};
/* End XCBuildConfiguration section */

/* Begin XCConfigurationList section */
		AE4984732A1BBBD6009951E2 /* Build configuration list for PBXProject "BDKSwiftExampleWallet" */ = {
			isa = XCConfigurationList;
			buildConfigurations = (
				AE49849A2A1BBBD8009951E2 /* Debug */,
				AE49849B2A1BBBD8009951E2 /* Release */,
			);
			defaultConfigurationIsVisible = 0;
			defaultConfigurationName = Release;
		};
		AE49849C2A1BBBD8009951E2 /* Build configuration list for PBXNativeTarget "BDKSwiftExampleWallet" */ = {
			isa = XCConfigurationList;
			buildConfigurations = (
				AE49849D2A1BBBD8009951E2 /* Debug */,
				AE49849E2A1BBBD8009951E2 /* Release */,
			);
			defaultConfigurationIsVisible = 0;
			defaultConfigurationName = Release;
		};
		AE49849F2A1BBBD8009951E2 /* Build configuration list for PBXNativeTarget "BDKSwiftExampleWalletTests" */ = {
			isa = XCConfigurationList;
			buildConfigurations = (
				AE4984A02A1BBBD8009951E2 /* Debug */,
				AE4984A12A1BBBD8009951E2 /* Release */,
			);
			defaultConfigurationIsVisible = 0;
			defaultConfigurationName = Release;
		};
/* End XCConfigurationList section */

/* Begin XCRemoteSwiftPackageReference section */
		AE4984A72A1BD425009951E2 /* XCRemoteSwiftPackageReference "bdk-swift" */ = {
			isa = XCRemoteSwiftPackageReference;
			repositoryURL = "https://github.com/bitcoindevkit/bdk-swift";
			requirement = {
				kind = exactVersion;
				version = 0.29.0;
			};
		};
		AE4984AA2A1BD651009951E2 /* XCRemoteSwiftPackageReference "WalletUI" */ = {
			isa = XCRemoteSwiftPackageReference;
			repositoryURL = "https://github.com/reez/WalletUI.git";
			requirement = {
				kind = exactVersion;
				version = 0.2.2;
			};
		};
		AE7D5A0C2A7EE62200EAC8CE /* XCRemoteSwiftPackageReference "KeychainAccess" */ = {
			isa = XCRemoteSwiftPackageReference;
			repositoryURL = "https://github.com/kishikawakatsumi/KeychainAccess.git";
			requirement = {
				kind = exactVersion;
				version = 4.2.2;
			};
		};
/* End XCRemoteSwiftPackageReference section */

/* Begin XCSwiftPackageProductDependency section */
		AE4984A82A1BD425009951E2 /* BitcoinDevKit */ = {
			isa = XCSwiftPackageProductDependency;
			package = AE4984A72A1BD425009951E2 /* XCRemoteSwiftPackageReference "bdk-swift" */;
			productName = BitcoinDevKit;
		};
		AE4984AB2A1BD651009951E2 /* WalletUI */ = {
			isa = XCSwiftPackageProductDependency;
			package = AE4984AA2A1BD651009951E2 /* XCRemoteSwiftPackageReference "WalletUI" */;
			productName = WalletUI;
		};
		AE7D5A0D2A7EE62200EAC8CE /* KeychainAccess */ = {
			isa = XCSwiftPackageProductDependency;
			package = AE7D5A0C2A7EE62200EAC8CE /* XCRemoteSwiftPackageReference "KeychainAccess" */;
			productName = KeychainAccess;
		};
/* End XCSwiftPackageProductDependency section */
	};
	rootObject = AE4984702A1BBBD6009951E2 /* Project object */;
}
